
Microsoft Visual Studio Solution File, Format Version 12.00
# Visual Studio 15
Project("{FAE04EC0-301F-11D3-BF4B-00C04F79EFBC}") = "UnityEngine.UI", "UnityEngine.UI.csproj", "{E3AD3F42-C7E3-8E01-0EDA-3730A9F39B80}"
EndProject
Project("{FAE04EC0-301F-11D3-BF4B-00C04F79EFBC}") = "UnityEngine.TestRunner", "UnityEngine.TestRunner.csproj", "{FB889BF1-E363-0D7E-ECD3-EDB92CBEA369}"
EndProject
Project("{FAE04EC0-301F-11D3-BF4B-00C04F79EFBC}") = "Unity.Mathematics", "Unity.Mathematics.csproj", "{AA212837-F0F5-FA77-CC83-39CB02EE11E7}"
EndProject
Project("{FAE04EC0-301F-11D3-BF4B-00C04F79EFBC}") = "AstarPathfindingProject", "AstarPathfindingProject.csproj", "{39A782EE-86CA-2EA7-9491-69F1B34DFCB9}"
EndProject
Project("{FAE04EC0-301F-11D3-BF4B-00C04F79EFBC}") = "Unity.Timeline", "Unity.Timeline.csproj", "{E0581CC5-462A-E71B-19B0-756E3A9FE136}"
EndProject
Project("{FAE04EC0-301F-11D3-BF4B-00C04F79EFBC}") = "Unity.TextMeshPro", "Unity.TextMeshPro.csproj", "{CB93989D-E295-22FA-13B7-F293810C825A}"
EndProject
Project("{FAE04EC0-301F-11D3-BF4B-00C04F79EFBC}") = "Unity.Burst", "Unity.Burst.csproj", "{97115A0D-8268-23C4-FCE2-AD359A1CDBE2}"
EndProject
Project("{FAE04EC0-301F-11D3-BF4B-00C04F79EFBC}") = "Unity.2D.Animation.Runtime", "Unity.2D.Animation.Runtime.csproj", "{46336279-8A6F-42DF-2401-7AF777A35057}"
EndProject
Project("{FAE04EC0-301F-11D3-BF4B-00C04F79EFBC}") = "Assembly-CSharp", "Assembly-CSharp.csproj", "{2763DCB0-76E9-58D8-7752-F8DDD9BC5695}"
EndProject
Project("{FAE04EC0-301F-11D3-BF4B-00C04F79EFBC}") = "Unity.2D.IK.Runtime", "Unity.2D.IK.Runtime.csproj", "{DC24BB82-4948-5176-A21A-86A18D8079F3}"
EndProject
Project("{FAE04EC0-301F-11D3-BF4B-00C04F79EFBC}") = "Unity.2D.SpriteShape.Runtime", "Unity.2D.SpriteShape.Runtime.csproj", "{4BB58682-235E-6BD5-DE48-1E55FC77BB33}"
EndProject
Project("{FAE04EC0-301F-11D3-BF4B-00C04F79EFBC}") = "Unity.2D.Common.Runtime", "Unity.2D.Common.Runtime.csproj", "{7E9F2C87-E2F4-AF2B-32E0-2A3CA4F9852A}"
EndProject
Project("{FAE04EC0-301F-11D3-BF4B-00C04F79EFBC}") = "Unity.2D.PixelPerfect", "Unity.2D.PixelPerfect.csproj", "{7B4F8760-85E7-B6B6-183E-C61F4B28DBF9}"
EndProject
Project("{FAE04EC0-301F-11D3-BF4B-00C04F79EFBC}") = "Unity.TerrainTools", "Unity.TerrainTools.csproj", "{01B4B1E2-E959-04BF-11BF-6F34025C1671}"
EndProject
Project("{FAE04EC0-301F-11D3-BF4B-00C04F79EFBC}") = "Unity.InternalAPIEngineBridge.001", "Unity.InternalAPIEngineBridge.001.csproj", "{3D03745C-646C-A0B8-CFB8-FBDD73C0AECB}"
EndProject
Project("{FAE04EC0-301F-11D3-BF4B-00C04F79EFBC}") = "UnityEditor.TestRunner", "UnityEditor.TestRunner.csproj", "{DA8EFB94-C4AB-013A-87F7-88CAFBE38AD6}"
EndProject
Project("{FAE04EC0-301F-11D3-BF4B-00C04F79EFBC}") = "Unity.2D.Psdimporter.Editor", "Unity.2D.Psdimporter.Editor.csproj", "{D6113D02-CDE3-EFDF-B55A-C2EA5E7B6B2B}"
EndProject
Project("{FAE04EC0-301F-11D3-BF4B-00C04F79EFBC}") = "Unity.PlasticSCM.Editor", "Unity.PlasticSCM.Editor.csproj", "{B422CBD4-C790-6ED4-EC13-6015E6FF4D0E}"
EndProject
Project("{FAE04EC0-301F-11D3-BF4B-00C04F79EFBC}") = "Unity.TerrainTools.Editor", "Unity.TerrainTools.Editor.csproj", "{4305F445-CE28-AE64-B80C-C7D178327A6D}"
EndProject
Project("{FAE04EC0-301F-11D3-BF4B-00C04F79EFBC}") = "UnityEditor.UI", "UnityEditor.UI.csproj", "{4091FE0D-E01C-6B86-7242-EEFEF144676B}"
EndProject
Project("{FAE04EC0-301F-11D3-BF4B-00C04F79EFBC}") = "Unity.Services.Core.Editor", "Unity.Services.Core.Editor.csproj", "{B2E8BD7E-D93A-E3B3-7051-E9DF391EF599}"
EndProject
Project("{FAE04EC0-301F-11D3-BF4B-00C04F79EFBC}") = "Unity.VisualStudio.Editor", "Unity.VisualStudio.Editor.csproj", "{56193C72-9BDB-4057-9FA5-58D180CF76CF}"
EndProject
Project("{FAE04EC0-301F-11D3-BF4B-00C04F79EFBC}") = "Unity.Timeline.Editor", "Unity.Timeline.Editor.csproj", "{F4FF9A3C-A358-1708-E834-0B164A324162}"
EndProject
Project("{FAE04EC0-301F-11D3-BF4B-00C04F79EFBC}") = "Unity.2D.Animation.Editor", "Unity.2D.Animation.Editor.csproj", "{2F62A4DF-6D1F-7728-8E8A-7BC98EC30D18}"
EndProject
Project("{FAE04EC0-301F-11D3-BF4B-00C04F79EFBC}") = "Unity.TextMeshPro.Editor", "Unity.TextMeshPro.Editor.csproj", "{BEE32D4F-C65B-A4AA-F1FE-E701938308B2}"
EndProject
Project("{FAE04EC0-301F-11D3-BF4B-00C04F79EFBC}") = "Unity.2D.SpriteShape.Editor", "Unity.2D.SpriteShape.Editor.csproj", "{8CC4D38F-CA96-A691-51D0-05C8AD2CF30E}"
EndProject
Project("{FAE04EC0-301F-11D3-BF4B-00C04F79EFBC}") = "Unity.CollabProxy.Editor", "Unity.CollabProxy.Editor.csproj", "{278F3037-C560-EA93-681E-9889028027C2}"
EndProject
Project("{FAE04EC0-301F-11D3-BF4B-00C04F79EFBC}") = "PsdPlugin", "PsdPlugin.csproj", "{75D07AD9-79F7-22FB-990E-92992320B764}"
EndProject
Project("{FAE04EC0-301F-11D3-BF4B-00C04F79EFBC}") = "Unity.2D.Tilemap.Editor", "Unity.2D.Tilemap.Editor.csproj", "{19546F7E-598F-0DBC-5BD5-6CEAA739C734}"
EndProject
Project("{FAE04EC0-301F-11D3-BF4B-00C04F79EFBC}") = "Unity.2D.Path.Editor", "Unity.2D.Path.Editor.csproj", "{F4533390-04BE-FB86-5F6F-A1B9F932F3A0}"
EndProject
Project("{FAE04EC0-301F-11D3-BF4B-00C04F79EFBC}") = "Unity.Rider.Editor", "Unity.Rider.Editor.csproj", "{24FDE9F4-6AD4-0D35-8579-41FD8D9EBBB2}"
EndProject
Project("{FAE04EC0-301F-11D3-BF4B-00C04F79EFBC}") = "Unity.2D.Sprite.Editor", "Unity.2D.Sprite.Editor.csproj", "{14593004-DCA9-3BBF-0A5E-30273E1952B0}"
EndProject
Project("{FAE04EC0-301F-11D3-BF4B-00C04F79EFBC}") = "PackageToolsEditor", "PackageToolsEditor.csproj", "{28DE9143-2A49-2527-B0FC-BADF4C51925A}"
EndProject
Project("{FAE04EC0-301F-11D3-BF4B-00C04F79EFBC}") = "Unity.2D.IK.Editor", "Unity.2D.IK.Editor.csproj", "{46D57361-8FE8-A8CA-2DF4-126F90429B7B}"
EndProject
Project("{FAE04EC0-301F-11D3-BF4B-00C04F79EFBC}") = "Unity.Burst.Editor", "Unity.Burst.Editor.csproj", "{902955A8-A771-7B6F-B0D6-8D9E90BAE116}"
EndProject
Project("{FAE04EC0-301F-11D3-BF4B-00C04F79EFBC}") = "Unity.Burst.CodeGen", "Unity.Burst.CodeGen.csproj", "{692C4384-10F6-E6B6-181D-589D9A81682D}"
EndProject
Project("{FAE04EC0-301F-11D3-BF4B-00C04F79EFBC}") = "Unity.2D.PixelPerfect.Editor", "Unity.2D.PixelPerfect.Editor.csproj", "{1E7686EB-0F2D-665D-4C25-9FA5F91641FC}"
EndProject
Project("{FAE04EC0-301F-11D3-BF4B-00C04F79EFBC}") = "Unity.VSCode.Editor", "Unity.VSCode.Editor.csproj", "{5746E7EE-BCF4-0C80-9193-E056827B7F47}"
EndProject
Project("{FAE04EC0-301F-11D3-BF4B-00C04F79EFBC}") = "AstarPathfindingProjectEditor", "AstarPathfindingProjectEditor.csproj", "{C605EEA2-9E40-9C7D-41B5-4D05ED889E92}"
EndProject
Project("{FAE04EC0-301F-11D3-BF4B-00C04F79EFBC}") = "Unity.2D.Common.Editor", "Unity.2D.Common.Editor.csproj", "{84733E77-0307-BDE5-A81D-3A1C4B1776BD}"
EndProject
Project("{FAE04EC0-301F-11D3-BF4B-00C04F79EFBC}") = "Unity.Mathematics.Editor", "Unity.Mathematics.Editor.csproj", "{67F3E9EB-B6B4-4F42-F0AA-01C682F16B36}"
EndProject
Project("{FAE04EC0-301F-11D3-BF4B-00C04F79EFBC}") = "Unity.InternalAPIEditorBridge.001", "Unity.InternalAPIEditorBridge.001.csproj", "{1AD000B2-7FBF-7579-9E5F-F9345E35AD7C}"
EndProject
Global
	GlobalSection(SolutionConfigurationPlatforms) = preSolution
		Debug|Any CPU = Debug|Any CPU
		Release|Any CPU = Release|Any CPU
	EndGlobalSection
	GlobalSection(ProjectConfigurationPlatforms) = postSolution
		{E3AD3F42-C7E3-8E01-0EDA-3730A9F39B80}.Debug|Any CPU.ActiveCfg = Debug|Any CPU
		{E3AD3F42-C7E3-8E01-0EDA-3730A9F39B80}.Debug|Any CPU.Build.0 = Debug|Any CPU
		{E3AD3F42-C7E3-8E01-0EDA-3730A9F39B80}.Release|Any CPU.ActiveCfg = Release|Any CPU
		{E3AD3F42-C7E3-8E01-0EDA-3730A9F39B80}.Release|Any CPU.Build.0 = Release|Any CPU
		{FB889BF1-E363-0D7E-ECD3-EDB92CBEA369}.Debug|Any CPU.ActiveCfg = Debug|Any CPU
		{FB889BF1-E363-0D7E-ECD3-EDB92CBEA369}.Debug|Any CPU.Build.0 = Debug|Any CPU
		{FB889BF1-E363-0D7E-ECD3-EDB92CBEA369}.Release|Any CPU.ActiveCfg = Release|Any CPU
		{FB889BF1-E363-0D7E-ECD3-EDB92CBEA369}.Release|Any CPU.Build.0 = Release|Any CPU
		{AA212837-F0F5-FA77-CC83-39CB02EE11E7}.Debug|Any CPU.ActiveCfg = Debug|Any CPU
		{AA212837-F0F5-FA77-CC83-39CB02EE11E7}.Debug|Any CPU.Build.0 = Debug|Any CPU
		{AA212837-F0F5-FA77-CC83-39CB02EE11E7}.Release|Any CPU.ActiveCfg = Release|Any CPU
		{AA212837-F0F5-FA77-CC83-39CB02EE11E7}.Release|Any CPU.Build.0 = Release|Any CPU
		{39A782EE-86CA-2EA7-9491-69F1B34DFCB9}.Debug|Any CPU.ActiveCfg = Debug|Any CPU
		{39A782EE-86CA-2EA7-9491-69F1B34DFCB9}.Debug|Any CPU.Build.0 = Debug|Any CPU
		{39A782EE-86CA-2EA7-9491-69F1B34DFCB9}.Release|Any CPU.ActiveCfg = Release|Any CPU
		{39A782EE-86CA-2EA7-9491-69F1B34DFCB9}.Release|Any CPU.Build.0 = Release|Any CPU
		{E0581CC5-462A-E71B-19B0-756E3A9FE136}.Debug|Any CPU.ActiveCfg = Debug|Any CPU
		{E0581CC5-462A-E71B-19B0-756E3A9FE136}.Debug|Any CPU.Build.0 = Debug|Any CPU
		{E0581CC5-462A-E71B-19B0-756E3A9FE136}.Release|Any CPU.ActiveCfg = Release|Any CPU
		{E0581CC5-462A-E71B-19B0-756E3A9FE136}.Release|Any CPU.Build.0 = Release|Any CPU
		{CB93989D-E295-22FA-13B7-F293810C825A}.Debug|Any CPU.ActiveCfg = Debug|Any CPU
		{CB93989D-E295-22FA-13B7-F293810C825A}.Debug|Any CPU.Build.0 = Debug|Any CPU
		{CB93989D-E295-22FA-13B7-F293810C825A}.Release|Any CPU.ActiveCfg = Release|Any CPU
		{CB93989D-E295-22FA-13B7-F293810C825A}.Release|Any CPU.Build.0 = Release|Any CPU
		{97115A0D-8268-23C4-FCE2-AD359A1CDBE2}.Debug|Any CPU.ActiveCfg = Debug|Any CPU
		{97115A0D-8268-23C4-FCE2-AD359A1CDBE2}.Debug|Any CPU.Build.0 = Debug|Any CPU
		{97115A0D-8268-23C4-FCE2-AD359A1CDBE2}.Release|Any CPU.ActiveCfg = Release|Any CPU
		{97115A0D-8268-23C4-FCE2-AD359A1CDBE2}.Release|Any CPU.Build.0 = Release|Any CPU
		{46336279-8A6F-42DF-2401-7AF777A35057}.Debug|Any CPU.ActiveCfg = Debug|Any CPU
		{46336279-8A6F-42DF-2401-7AF777A35057}.Debug|Any CPU.Build.0 = Debug|Any CPU
		{46336279-8A6F-42DF-2401-7AF777A35057}.Release|Any CPU.ActiveCfg = Release|Any CPU
		{46336279-8A6F-42DF-2401-7AF777A35057}.Release|Any CPU.Build.0 = Release|Any CPU
		{2763DCB0-76E9-58D8-7752-F8DDD9BC5695}.Debug|Any CPU.ActiveCfg = Debug|Any CPU
		{2763DCB0-76E9-58D8-7752-F8DDD9BC5695}.Debug|Any CPU.Build.0 = Debug|Any CPU
		{2763DCB0-76E9-58D8-7752-F8DDD9BC5695}.Release|Any CPU.ActiveCfg = Release|Any CPU
		{2763DCB0-76E9-58D8-7752-F8DDD9BC5695}.Release|Any CPU.Build.0 = Release|Any CPU
		{DC24BB82-4948-5176-A21A-86A18D8079F3}.Debug|Any CPU.ActiveCfg = Debug|Any CPU
		{DC24BB82-4948-5176-A21A-86A18D8079F3}.Debug|Any CPU.Build.0 = Debug|Any CPU
		{DC24BB82-4948-5176-A21A-86A18D8079F3}.Release|Any CPU.ActiveCfg = Release|Any CPU
		{DC24BB82-4948-5176-A21A-86A18D8079F3}.Release|Any CPU.Build.0 = Release|Any CPU
		{4BB58682-235E-6BD5-DE48-1E55FC77BB33}.Debug|Any CPU.ActiveCfg = Debug|Any CPU
		{4BB58682-235E-6BD5-DE48-1E55FC77BB33}.Debug|Any CPU.Build.0 = Debug|Any CPU
		{4BB58682-235E-6BD5-DE48-1E55FC77BB33}.Release|Any CPU.ActiveCfg = Release|Any CPU
		{4BB58682-235E-6BD5-DE48-1E55FC77BB33}.Release|Any CPU.Build.0 = Release|Any CPU
		{7E9F2C87-E2F4-AF2B-32E0-2A3CA4F9852A}.Debug|Any CPU.ActiveCfg = Debug|Any CPU
		{7E9F2C87-E2F4-AF2B-32E0-2A3CA4F9852A}.Debug|Any CPU.Build.0 = Debug|Any CPU
		{7E9F2C87-E2F4-AF2B-32E0-2A3CA4F9852A}.Release|Any CPU.ActiveCfg = Release|Any CPU
		{7E9F2C87-E2F4-AF2B-32E0-2A3CA4F9852A}.Release|Any CPU.Build.0 = Release|Any CPU
		{7B4F8760-85E7-B6B6-183E-C61F4B28DBF9}.Debug|Any CPU.ActiveCfg = Debug|Any CPU
		{7B4F8760-85E7-B6B6-183E-C61F4B28DBF9}.Debug|Any CPU.Build.0 = Debug|Any CPU
		{7B4F8760-85E7-B6B6-183E-C61F4B28DBF9}.Release|Any CPU.ActiveCfg = Release|Any CPU
		{7B4F8760-85E7-B6B6-183E-C61F4B28DBF9}.Release|Any CPU.Build.0 = Release|Any CPU
		{01B4B1E2-E959-04BF-11BF-6F34025C1671}.Debug|Any CPU.ActiveCfg = Debug|Any CPU
		{01B4B1E2-E959-04BF-11BF-6F34025C1671}.Debug|Any CPU.Build.0 = Debug|Any CPU
		{01B4B1E2-E959-04BF-11BF-6F34025C1671}.Release|Any CPU.ActiveCfg = Release|Any CPU
		{01B4B1E2-E959-04BF-11BF-6F34025C1671}.Release|Any CPU.Build.0 = Release|Any CPU
		{3D03745C-646C-A0B8-CFB8-FBDD73C0AECB}.Debug|Any CPU.ActiveCfg = Debug|Any CPU
		{3D03745C-646C-A0B8-CFB8-FBDD73C0AECB}.Debug|Any CPU.Build.0 = Debug|Any CPU
		{3D03745C-646C-A0B8-CFB8-FBDD73C0AECB}.Release|Any CPU.ActiveCfg = Release|Any CPU
		{3D03745C-646C-A0B8-CFB8-FBDD73C0AECB}.Release|Any CPU.Build.0 = Release|Any CPU
		{DA8EFB94-C4AB-013A-87F7-88CAFBE38AD6}.Debug|Any CPU.ActiveCfg = Debug|Any CPU
		{DA8EFB94-C4AB-013A-87F7-88CAFBE38AD6}.Debug|Any CPU.Build.0 = Debug|Any CPU
		{DA8EFB94-C4AB-013A-87F7-88CAFBE38AD6}.Release|Any CPU.ActiveCfg = Release|Any CPU
		{DA8EFB94-C4AB-013A-87F7-88CAFBE38AD6}.Release|Any CPU.Build.0 = Release|Any CPU
		{D6113D02-CDE3-EFDF-B55A-C2EA5E7B6B2B}.Debug|Any CPU.ActiveCfg = Debug|Any CPU
		{D6113D02-CDE3-EFDF-B55A-C2EA5E7B6B2B}.Debug|Any CPU.Build.0 = Debug|Any CPU
		{D6113D02-CDE3-EFDF-B55A-C2EA5E7B6B2B}.Release|Any CPU.ActiveCfg = Release|Any CPU
		{D6113D02-CDE3-EFDF-B55A-C2EA5E7B6B2B}.Release|Any CPU.Build.0 = Release|Any CPU
		{B422CBD4-C790-6ED4-EC13-6015E6FF4D0E}.Debug|Any CPU.ActiveCfg = Debug|Any CPU
		{B422CBD4-C790-6ED4-EC13-6015E6FF4D0E}.Debug|Any CPU.Build.0 = Debug|Any CPU
		{B422CBD4-C790-6ED4-EC13-6015E6FF4D0E}.Release|Any CPU.ActiveCfg = Release|Any CPU
		{B422CBD4-C790-6ED4-EC13-6015E6FF4D0E}.Release|Any CPU.Build.0 = Release|Any CPU
		{4305F445-CE28-AE64-B80C-C7D178327A6D}.Debug|Any CPU.ActiveCfg = Debug|Any CPU
		{4305F445-CE28-AE64-B80C-C7D178327A6D}.Debug|Any CPU.Build.0 = Debug|Any CPU
		{4305F445-CE28-AE64-B80C-C7D178327A6D}.Release|Any CPU.ActiveCfg = Release|Any CPU
		{4305F445-CE28-AE64-B80C-C7D178327A6D}.Release|Any CPU.Build.0 = Release|Any CPU
		{4091FE0D-E01C-6B86-7242-EEFEF144676B}.Debug|Any CPU.ActiveCfg = Debug|Any CPU
		{4091FE0D-E01C-6B86-7242-EEFEF144676B}.Debug|Any CPU.Build.0 = Debug|Any CPU
		{4091FE0D-E01C-6B86-7242-EEFEF144676B}.Release|Any CPU.ActiveCfg = Release|Any CPU
		{4091FE0D-E01C-6B86-7242-EEFEF144676B}.Release|Any CPU.Build.0 = Release|Any CPU
		{B2E8BD7E-D93A-E3B3-7051-E9DF391EF599}.Debug|Any CPU.ActiveCfg = Debug|Any CPU
		{B2E8BD7E-D93A-E3B3-7051-E9DF391EF599}.Debug|Any CPU.Build.0 = Debug|Any CPU
		{B2E8BD7E-D93A-E3B3-7051-E9DF391EF599}.Release|Any CPU.ActiveCfg = Release|Any CPU
		{B2E8BD7E-D93A-E3B3-7051-E9DF391EF599}.Release|Any CPU.Build.0 = Release|Any CPU
		{56193C72-9BDB-4057-9FA5-58D180CF76CF}.Debug|Any CPU.ActiveCfg = Debug|Any CPU
		{56193C72-9BDB-4057-9FA5-58D180CF76CF}.Debug|Any CPU.Build.0 = Debug|Any CPU
		{56193C72-9BDB-4057-9FA5-58D180CF76CF}.Release|Any CPU.ActiveCfg = Release|Any CPU
		{56193C72-9BDB-4057-9FA5-58D180CF76CF}.Release|Any CPU.Build.0 = Release|Any CPU
		{F4FF9A3C-A358-1708-E834-0B164A324162}.Debug|Any CPU.ActiveCfg = Debug|Any CPU
		{F4FF9A3C-A358-1708-E834-0B164A324162}.Debug|Any CPU.Build.0 = Debug|Any CPU
		{F4FF9A3C-A358-1708-E834-0B164A324162}.Release|Any CPU.ActiveCfg = Release|Any CPU
		{F4FF9A3C-A358-1708-E834-0B164A324162}.Release|Any CPU.Build.0 = Release|Any CPU
		{2F62A4DF-6D1F-7728-8E8A-7BC98EC30D18}.Debug|Any CPU.ActiveCfg = Debug|Any CPU
		{2F62A4DF-6D1F-7728-8E8A-7BC98EC30D18}.Debug|Any CPU.Build.0 = Debug|Any CPU
		{2F62A4DF-6D1F-7728-8E8A-7BC98EC30D18}.Release|Any CPU.ActiveCfg = Release|Any CPU
		{2F62A4DF-6D1F-7728-8E8A-7BC98EC30D18}.Release|Any CPU.Build.0 = Release|Any CPU
		{BEE32D4F-C65B-A4AA-F1FE-E701938308B2}.Debug|Any CPU.ActiveCfg = Debug|Any CPU
		{BEE32D4F-C65B-A4AA-F1FE-E701938308B2}.Debug|Any CPU.Build.0 = Debug|Any CPU
		{BEE32D4F-C65B-A4AA-F1FE-E701938308B2}.Release|Any CPU.ActiveCfg = Release|Any CPU
		{BEE32D4F-C65B-A4AA-F1FE-E701938308B2}.Release|Any CPU.Build.0 = Release|Any CPU
		{8CC4D38F-CA96-A691-51D0-05C8AD2CF30E}.Debug|Any CPU.ActiveCfg = Debug|Any CPU
		{8CC4D38F-CA96-A691-51D0-05C8AD2CF30E}.Debug|Any CPU.Build.0 = Debug|Any CPU
		{8CC4D38F-CA96-A691-51D0-05C8AD2CF30E}.Release|Any CPU.ActiveCfg = Release|Any CPU
		{8CC4D38F-CA96-A691-51D0-05C8AD2CF30E}.Release|Any CPU.Build.0 = Release|Any CPU
		{278F3037-C560-EA93-681E-9889028027C2}.Debug|Any CPU.ActiveCfg = Debug|Any CPU
		{278F3037-C560-EA93-681E-9889028027C2}.Debug|Any CPU.Build.0 = Debug|Any CPU
		{278F3037-C560-EA93-681E-9889028027C2}.Release|Any CPU.ActiveCfg = Release|Any CPU
		{278F3037-C560-EA93-681E-9889028027C2}.Release|Any CPU.Build.0 = Release|Any CPU
		{75D07AD9-79F7-22FB-990E-92992320B764}.Debug|Any CPU.ActiveCfg = Debug|Any CPU
		{75D07AD9-79F7-22FB-990E-92992320B764}.Debug|Any CPU.Build.0 = Debug|Any CPU
		{75D07AD9-79F7-22FB-990E-92992320B764}.Release|Any CPU.ActiveCfg = Release|Any CPU
		{75D07AD9-79F7-22FB-990E-92992320B764}.Release|Any CPU.Build.0 = Release|Any CPU
		{19546F7E-598F-0DBC-5BD5-6CEAA739C734}.Debug|Any CPU.ActiveCfg = Debug|Any CPU
		{19546F7E-598F-0DBC-5BD5-6CEAA739C734}.Debug|Any CPU.Build.0 = Debug|Any CPU
		{19546F7E-598F-0DBC-5BD5-6CEAA739C734}.Release|Any CPU.ActiveCfg = Release|Any CPU
		{19546F7E-598F-0DBC-5BD5-6CEAA739C734}.Release|Any CPU.Build.0 = Release|Any CPU
		{F4533390-04BE-FB86-5F6F-A1B9F932F3A0}.Debug|Any CPU.ActiveCfg = Debug|Any CPU
		{F4533390-04BE-FB86-5F6F-A1B9F932F3A0}.Debug|Any CPU.Build.0 = Debug|Any CPU
		{F4533390-04BE-FB86-5F6F-A1B9F932F3A0}.Release|Any CPU.ActiveCfg = Release|Any CPU
		{F4533390-04BE-FB86-5F6F-A1B9F932F3A0}.Release|Any CPU.Build.0 = Release|Any CPU
		{24FDE9F4-6AD4-0D35-8579-41FD8D9EBBB2}.Debug|Any CPU.ActiveCfg = Debug|Any CPU
		{24FDE9F4-6AD4-0D35-8579-41FD8D9EBBB2}.Debug|Any CPU.Build.0 = Debug|Any CPU
		{24FDE9F4-6AD4-0D35-8579-41FD8D9EBBB2}.Release|Any CPU.ActiveCfg = Release|Any CPU
		{24FDE9F4-6AD4-0D35-8579-41FD8D9EBBB2}.Release|Any CPU.Build.0 = Release|Any CPU
		{14593004-DCA9-3BBF-0A5E-30273E1952B0}.Debug|Any CPU.ActiveCfg = Debug|Any CPU
		{14593004-DCA9-3BBF-0A5E-30273E1952B0}.Debug|Any CPU.Build.0 = Debug|Any CPU
		{14593004-DCA9-3BBF-0A5E-30273E1952B0}.Release|Any CPU.ActiveCfg = Release|Any CPU
		{14593004-DCA9-3BBF-0A5E-30273E1952B0}.Release|Any CPU.Build.0 = Release|Any CPU
		{28DE9143-2A49-2527-B0FC-BADF4C51925A}.Debug|Any CPU.ActiveCfg = Debug|Any CPU
		{28DE9143-2A49-2527-B0FC-BADF4C51925A}.Debug|Any CPU.Build.0 = Debug|Any CPU
		{28DE9143-2A49-2527-B0FC-BADF4C51925A}.Release|Any CPU.ActiveCfg = Release|Any CPU
		{28DE9143-2A49-2527-B0FC-BADF4C51925A}.Release|Any CPU.Build.0 = Release|Any CPU
		{46D57361-8FE8-A8CA-2DF4-126F90429B7B}.Debug|Any CPU.ActiveCfg = Debug|Any CPU
		{46D57361-8FE8-A8CA-2DF4-126F90429B7B}.Debug|Any CPU.Build.0 = Debug|Any CPU
		{46D57361-8FE8-A8CA-2DF4-126F90429B7B}.Release|Any CPU.ActiveCfg = Release|Any CPU
		{46D57361-8FE8-A8CA-2DF4-126F90429B7B}.Release|Any CPU.Build.0 = Release|Any CPU
		{902955A8-A771-7B6F-B0D6-8D9E90BAE116}.Debug|Any CPU.ActiveCfg = Debug|Any CPU
		{902955A8-A771-7B6F-B0D6-8D9E90BAE116}.Debug|Any CPU.Build.0 = Debug|Any CPU
		{902955A8-A771-7B6F-B0D6-8D9E90BAE116}.Release|Any CPU.ActiveCfg = Release|Any CPU
		{902955A8-A771-7B6F-B0D6-8D9E90BAE116}.Release|Any CPU.Build.0 = Release|Any CPU
		{692C4384-10F6-E6B6-181D-589D9A81682D}.Debug|Any CPU.ActiveCfg = Debug|Any CPU
		{692C4384-10F6-E6B6-181D-589D9A81682D}.Debug|Any CPU.Build.0 = Debug|Any CPU
		{692C4384-10F6-E6B6-181D-589D9A81682D}.Release|Any CPU.ActiveCfg = Release|Any CPU
		{692C4384-10F6-E6B6-181D-589D9A81682D}.Release|Any CPU.Build.0 = Release|Any CPU
		{1E7686EB-0F2D-665D-4C25-9FA5F91641FC}.Debug|Any CPU.ActiveCfg = Debug|Any CPU
		{1E7686EB-0F2D-665D-4C25-9FA5F91641FC}.Debug|Any CPU.Build.0 = Debug|Any CPU
		{1E7686EB-0F2D-665D-4C25-9FA5F91641FC}.Release|Any CPU.ActiveCfg = Release|Any CPU
		{1E7686EB-0F2D-665D-4C25-9FA5F91641FC}.Release|Any CPU.Build.0 = Release|Any CPU
		{5746E7EE-BCF4-0C80-9193-E056827B7F47}.Debug|Any CPU.ActiveCfg = Debug|Any CPU
		{5746E7EE-BCF4-0C80-9193-E056827B7F47}.Debug|Any CPU.Build.0 = Debug|Any CPU
		{5746E7EE-BCF4-0C80-9193-E056827B7F47}.Release|Any CPU.ActiveCfg = Release|Any CPU
		{5746E7EE-BCF4-0C80-9193-E056827B7F47}.Release|Any CPU.Build.0 = Release|Any CPU
		{C605EEA2-9E40-9C7D-41B5-4D05ED889E92}.Debug|Any CPU.ActiveCfg = Debug|Any CPU
		{C605EEA2-9E40-9C7D-41B5-4D05ED889E92}.Debug|Any CPU.Build.0 = Debug|Any CPU
		{C605EEA2-9E40-9C7D-41B5-4D05ED889E92}.Release|Any CPU.ActiveCfg = Release|Any CPU
		{C605EEA2-9E40-9C7D-41B5-4D05ED889E92}.Release|Any CPU.Build.0 = Release|Any CPU
		{84733E77-0307-BDE5-A81D-3A1C4B1776BD}.Debug|Any CPU.ActiveCfg = Debug|Any CPU
		{84733E77-0307-BDE5-A81D-3A1C4B1776BD}.Debug|Any CPU.Build.0 = Debug|Any CPU
		{84733E77-0307-BDE5-A81D-3A1C4B1776BD}.Release|Any CPU.ActiveCfg = Release|Any CPU
		{84733E77-0307-BDE5-A81D-3A1C4B1776BD}.Release|Any CPU.Build.0 = Release|Any CPU
		{67F3E9EB-B6B4-4F42-F0AA-01C682F16B36}.Debug|Any CPU.ActiveCfg = Debug|Any CPU
		{67F3E9EB-B6B4-4F42-F0AA-01C682F16B36}.Debug|Any CPU.Build.0 = Debug|Any CPU
		{67F3E9EB-B6B4-4F42-F0AA-01C682F16B36}.Release|Any CPU.ActiveCfg = Release|Any CPU
		{67F3E9EB-B6B4-4F42-F0AA-01C682F16B36}.Release|Any CPU.Build.0 = Release|Any CPU
		{1AD000B2-7FBF-7579-9E5F-F9345E35AD7C}.Debug|Any CPU.ActiveCfg = Debug|Any CPU
		{1AD000B2-7FBF-7579-9E5F-F9345E35AD7C}.Debug|Any CPU.Build.0 = Debug|Any CPU
		{1AD000B2-7FBF-7579-9E5F-F9345E35AD7C}.Release|Any CPU.ActiveCfg = Release|Any CPU
		{1AD000B2-7FBF-7579-9E5F-F9345E35AD7C}.Release|Any CPU.Build.0 = Release|Any CPU
	EndGlobalSection
	GlobalSection(SolutionProperties) = preSolution
		HideSolutionNode = FALSE
	EndGlobalSection
EndGlobal
